
Microsoft Visual Studio Solution File, Format Version 12.00
# Visual Studio Version 16
VisualStudioVersion = 16.0.30104.148
MinimumVisualStudioVersion = 10.0.40219.1
Project("{FAE04EC0-301F-11D3-BF4B-00C04F79EFBC}") = "GeetHub.Services", "GeetHub.Services\GeetHub.Services.csproj", "{6AC8A70D-F3DF-4D63-92FF-60D596110EB8}"
EndProject
Project("{FAE04EC0-301F-11D3-BF4B-00C04F79EFBC}") = "GeetHub.Repositories", "GeetHub.Repositories\GeetHub.Repositories.csproj", "{28C507D8-94AB-4D97-A3A1-EA3AC8B0CDA0}"
EndProject
Project("{FAE04EC0-301F-11D3-BF4B-00C04F79EFBC}") = "GeetHub.Services.UnitTests", "GeetHub.Services.UnitTests\GeetHub.Services.UnitTests.csproj", "{CD20D407-D0AE-41FB-93E5-4915E3AAFE51}"
EndProject
Project("{9A19103F-16F7-4668-BE54-9A1E7A4F7556}") = "GeetHub.Domain", "GeetHub.Domain\GeetHub.Domain.csproj", "{A8DB8257-7DDC-40B4-9348-A151714DDF75}"
EndProject
Global
	GlobalSection(SolutionConfigurationPlatforms) = preSolution
		Debug|Any CPU = Debug|Any CPU
		Release|Any CPU = Release|Any CPU
	EndGlobalSection
	GlobalSection(ProjectConfigurationPlatforms) = postSolution
		{6AC8A70D-F3DF-4D63-92FF-60D596110EB8}.Debug|Any CPU.ActiveCfg = Debug|Any CPU
		{6AC8A70D-F3DF-4D63-92FF-60D596110EB8}.Debug|Any CPU.Build.0 = Debug|Any CPU
		{6AC8A70D-F3DF-4D63-92FF-60D596110EB8}.Release|Any CPU.ActiveCfg = Release|Any CPU
		{6AC8A70D-F3DF-4D63-92FF-60D596110EB8}.Release|Any CPU.Build.0 = Release|Any CPU
		{28C507D8-94AB-4D97-A3A1-EA3AC8B0CDA0}.Debug|Any CPU.ActiveCfg = Debug|Any CPU
		{28C507D8-94AB-4D97-A3A1-EA3AC8B0CDA0}.Debug|Any CPU.Build.0 = Debug|Any CPU
		{28C507D8-94AB-4D97-A3A1-EA3AC8B0CDA0}.Release|Any CPU.ActiveCfg = Release|Any CPU
		{28C507D8-94AB-4D97-A3A1-EA3AC8B0CDA0}.Release|Any CPU.Build.0 = Release|Any CPU
		{CD20D407-D0AE-41FB-93E5-4915E3AAFE51}.Debug|Any CPU.ActiveCfg = Debug|Any CPU
		{CD20D407-D0AE-41FB-93E5-4915E3AAFE51}.Debug|Any CPU.Build.0 = Debug|Any CPU
		{CD20D407-D0AE-41FB-93E5-4915E3AAFE51}.Release|Any CPU.ActiveCfg = Release|Any CPU
		{CD20D407-D0AE-41FB-93E5-4915E3AAFE51}.Release|Any CPU.Build.0 = Release|Any CPU
		{A8DB8257-7DDC-40B4-9348-A151714DDF75}.Debug|Any CPU.ActiveCfg = Debug|Any CPU
		{A8DB8257-7DDC-40B4-9348-A151714DDF75}.Debug|Any CPU.Build.0 = Debug|Any CPU
		{A8DB8257-7DDC-40B4-9348-A151714DDF75}.Release|Any CPU.ActiveCfg = Release|Any CPU
		{A8DB8257-7DDC-40B4-9348-A151714DDF75}.Release|Any CPU.Build.0 = Release|Any CPU
	EndGlobalSection
	GlobalSection(SolutionProperties) = preSolution
		HideSolutionNode = FALSE
	EndGlobalSection
	GlobalSection(ExtensibilityGlobals) = postSolution
		SolutionGuid = {BA741D1B-A1DC-4767-9F2D-8E2F796897BC}
	EndGlobalSection
EndGlobal
